Microsoft Visual Studio Solution File, Format Version 11.00
# Visual Studio 2008

Project("{421316FD-390D-CC05-7DDB-9D67B0504FC3}") = "space-bomber", "Assembly-CSharp.csproj", "{76CB8A29-F890-441F-E2E3-C263DF1E8E27}"
EndProject
Project("{421316FD-390D-CC05-7DDB-9D67B0504FC3}") = "space-bomber", "Assembly-CSharp-Editor.csproj", "{F46F9869-ED34-F1E9-58B0-16001AE8DF19}"
EndProject
Global
	GlobalSection(SolutionConfigurationPlatforms) = preSolution
		Debug|Any CPU = Debug|Any CPU
		Release|Any CPU = Release|Any CPU
	EndGlobalSection
	GlobalSection(ProjectConfigurationPlatforms) = postSolution
		{76CB8A29-F890-441F-E2E3-C263DF1E8E27}.Debug|Any CPU.ActiveCfg = Debug|Any CPU
		{76CB8A29-F890-441F-E2E3-C263DF1E8E27}.Debug|Any CPU.Build.0 = Debug|Any CPU
		{76CB8A29-F890-441F-E2E3-C263DF1E8E27}.Release|Any CPU.ActiveCfg = Release|Any CPU
		{76CB8A29-F890-441F-E2E3-C263DF1E8E27}.Release|Any CPU.Build.0 = Release|Any CPU
		{F46F9869-ED34-F1E9-58B0-16001AE8DF19}.Debug|Any CPU.ActiveCfg = Debug|Any CPU
		{F46F9869-ED34-F1E9-58B0-16001AE8DF19}.Debug|Any CPU.Build.0 = Debug|Any CPU
		{F46F9869-ED34-F1E9-58B0-16001AE8DF19}.Release|Any CPU.ActiveCfg = Release|Any CPU
		{F46F9869-ED34-F1E9-58B0-16001AE8DF19}.Release|Any CPU.Build.0 = Release|Any CPU
	EndGlobalSection
	GlobalSection(SolutionProperties) = preSolution
		HideSolutionNode = FALSE
	EndGlobalSection
																GlobalSection(MonoDevelopProperties) = preSolution
		StartupItem = Assembly-CSharp.csproj
		Policies = $0
		$0.TextStylePolicy = $1
		$1.inheritsSet = null
		$1.scope = text/x-csharp
		$0.CSharpFormattingPolicy = $2
		$2.inheritsSet = Mono
		$2.inheritsScope = text/x-csharp
		$2.scope = text/x-csharp
		$0.TextStylePolicy = $3
		$3.FileWidth = 120
		$3.TabWidth = 4
		$3.IndentWidth = 4
		$3.EolMarker = Unix
		$3.inheritsSet = Mono
		$3.inheritsScope = text/plain
		$3.scope = text/plain
	EndGlobalSection

EndGlobal
